Microsoft Visual Studio Solution File, Format Version 12.00
# Visual Studio 15
VisualStudioVersion = 15.0.26124.0
MinimumVisualStudioVersion = 15.0.26124.0
Project("{9A19103F-16F7-4668-BE54-9A1E7A4F7556}") = "ServiceHub.Room.Context", "ServiceHub.Room.Context\ServiceHub.Room.Context.csproj", "{98A431DF-3EF5-406A-AFDB-B711F1CA9932}"
EndProject
Project("{9A19103F-16F7-4668-BE54-9A1E7A4F7556}") = "ServiceHub.Room.Library", "ServiceHub.Room.Library\ServiceHub.Room.Library.csproj", "{66CFEF42-4980-4117-AD37-DE0775FB20CD}"
EndProject
Project("{9A19103F-16F7-4668-BE54-9A1E7A4F7556}") = "ServiceHub.Room.Service", "ServiceHub.Room.Service\ServiceHub.Room.Service.csproj", "{2FC49644-0AD8-412F-B803-1300C196439F}"
EndProject
Project("{9A19103F-16F7-4668-BE54-9A1E7A4F7556}") = "ServiceHub.Room.Testing", "ServiceHub.Room.Testing\ServiceHub.Room.Testing.csproj", "{A2949C1A-58E7-4F65-8149-6B03ED4C8BE0}"
EndProject
Global
	GlobalSection(SolutionConfigurationPlatforms) = preSolution
		Debug|Any CPU = Debug|Any CPU
		Debug|x64 = Debug|x64
		Debug|x86 = Debug|x86
		Release|Any CPU = Release|Any CPU
		Release|x64 = Release|x64
		Release|x86 = Release|x86
	EndGlobalSection
	GlobalSection(ProjectConfigurationPlatforms) = postSolution
		{98A431DF-3EF5-406A-AFDB-B711F1CA9932}.Debug|Any CPU.ActiveCfg = Debug|Any CPU
		{98A431DF-3EF5-406A-AFDB-B711F1CA9932}.Debug|Any CPU.Build.0 = Debug|Any CPU
		{98A431DF-3EF5-406A-AFDB-B711F1CA9932}.Debug|x64.ActiveCfg = Debug|Any CPU
		{98A431DF-3EF5-406A-AFDB-B711F1CA9932}.Debug|x64.Build.0 = Debug|Any CPU
		{98A431DF-3EF5-406A-AFDB-B711F1CA9932}.Debug|x86.ActiveCfg = Debug|Any CPU
		{98A431DF-3EF5-406A-AFDB-B711F1CA9932}.Debug|x86.Build.0 = Debug|Any CPU
		{98A431DF-3EF5-406A-AFDB-B711F1CA9932}.Release|Any CPU.ActiveCfg = Release|Any CPU
		{98A431DF-3EF5-406A-AFDB-B711F1CA9932}.Release|Any CPU.Build.0 = Release|Any CPU
		{98A431DF-3EF5-406A-AFDB-B711F1CA9932}.Release|x64.ActiveCfg = Release|Any CPU
		{98A431DF-3EF5-406A-AFDB-B711F1CA9932}.Release|x64.Build.0 = Release|Any CPU
		{98A431DF-3EF5-406A-AFDB-B711F1CA9932}.Release|x86.ActiveCfg = Release|Any CPU
		{98A431DF-3EF5-406A-AFDB-B711F1CA9932}.Release|x86.Build.0 = Release|Any CPU
		{66CFEF42-4980-4117-AD37-DE0775FB20CD}.Debug|Any CPU.ActiveCfg = Debug|Any CPU
		{66CFEF42-4980-4117-AD37-DE0775FB20CD}.Debug|Any CPU.Build.0 = Debug|Any CPU
		{66CFEF42-4980-4117-AD37-DE0775FB20CD}.Debug|x64.ActiveCfg = Debug|Any CPU
		{66CFEF42-4980-4117-AD37-DE0775FB20CD}.Debug|x64.Build.0 = Debug|Any CPU
		{66CFEF42-4980-4117-AD37-DE0775FB20CD}.Debug|x86.ActiveCfg = Debug|Any CPU
		{66CFEF42-4980-4117-AD37-DE0775FB20CD}.Debug|x86.Build.0 = Debug|Any CPU
		{66CFEF42-4980-4117-AD37-DE0775FB20CD}.Release|Any CPU.ActiveCfg = Release|Any CPU
		{66CFEF42-4980-4117-AD37-DE0775FB20CD}.Release|Any CPU.Build.0 = Release|Any CPU
		{66CFEF42-4980-4117-AD37-DE0775FB20CD}.Release|x64.ActiveCfg = Release|Any CPU
		{66CFEF42-4980-4117-AD37-DE0775FB20CD}.Release|x64.Build.0 = Release|Any CPU
		{66CFEF42-4980-4117-AD37-DE0775FB20CD}.Release|x86.ActiveCfg = Release|Any CPU
		{66CFEF42-4980-4117-AD37-DE0775FB20CD}.Release|x86.Build.0 = Release|Any CPU
		{2FC49644-0AD8-412F-B803-1300C196439F}.Debug|Any CPU.ActiveCfg = Debug|Any CPU
		{2FC49644-0AD8-412F-B803-1300C196439F}.Debug|Any CPU.Build.0 = Debug|Any CPU
		{2FC49644-0AD8-412F-B803-1300C196439F}.Debug|x64.ActiveCfg = Debug|Any CPU
		{2FC49644-0AD8-412F-B803-1300C196439F}.Debug|x64.Build.0 = Debug|Any CPU
		{2FC49644-0AD8-412F-B803-1300C196439F}.Debug|x86.ActiveCfg = Debug|Any CPU
		{2FC49644-0AD8-412F-B803-1300C196439F}.Debug|x86.Build.0 = Debug|Any CPU
		{2FC49644-0AD8-412F-B803-1300C196439F}.Release|Any CPU.ActiveCfg = Release|Any CPU
		{2FC49644-0AD8-412F-B803-1300C196439F}.Release|Any CPU.Build.0 = Release|Any CPU
		{2FC49644-0AD8-412F-B803-1300C196439F}.Release|x64.ActiveCfg = Release|Any CPU
		{2FC49644-0AD8-412F-B803-1300C196439F}.Release|x64.Build.0 = Release|Any CPU
		{2FC49644-0AD8-412F-B803-1300C196439F}.Release|x86.ActiveCfg = Release|Any CPU
		{2FC49644-0AD8-412F-B803-1300C196439F}.Release|x86.Build.0 = Release|Any CPU
		{A2949C1A-58E7-4F65-8149-6B03ED4C8BE0}.Debug|Any CPU.ActiveCfg = Debug|Any CPU
		{A2949C1A-58E7-4F65-8149-6B03ED4C8BE0}.Debug|Any CPU.Build.0 = Debug|Any CPU
		{A2949C1A-58E7-4F65-8149-6B03ED4C8BE0}.Debug|x64.ActiveCfg = Debug|Any CPU
		{A2949C1A-58E7-4F65-8149-6B03ED4C8BE0}.Debug|x64.Build.0 = Debug|Any CPU
		{A2949C1A-58E7-4F65-8149-6B03ED4C8BE0}.Debug|x86.ActiveCfg = Debug|Any CPU
		{A2949C1A-58E7-4F65-8149-6B03ED4C8BE0}.Debug|x86.Build.0 = Debug|Any CPU
		{A2949C1A-58E7-4F65-8149-6B03ED4C8BE0}.Release|Any CPU.ActiveCfg = Release|Any CPU
		{A2949C1A-58E7-4F65-8149-6B03ED4C8BE0}.Release|Any CPU.Build.0 = Release|Any CPU
		{A2949C1A-58E7-4F65-8149-6B03ED4C8BE0}.Release|x64.ActiveCfg = Release|Any CPU
		{A2949C1A-58E7-4F65-8149-6B03ED4C8BE0}.Release|x64.Build.0 = Release|Any CPU
		{A2949C1A-58E7-4F65-8149-6B03ED4C8BE0}.Release|x86.ActiveCfg = Release|Any CPU
		{A2949C1A-58E7-4F65-8149-6B03ED4C8BE0}.Release|x86.Build.0 = Release|Any CPU
	EndGlobalSection
	GlobalSection(SolutionProperties) = preSolution
		HideSolutionNode = FALSE
	EndGlobalSection
	GlobalSection(ExtensibilityGlobals) = postSolution
		SolutionGuid = {B160AA80-0E44-4A3E-AA70-FBEF70A55035}
	EndGlobalSection
EndGlobal
